
Microsoft Visual Studio Solution File, Format Version 12.00
# Visual Studio Version 17
VisualStudioVersion = 17.5.33530.505
MinimumVisualStudioVersion = 10.0.40219.1
Project("{FAE04EC0-301F-11D3-BF4B-00C04F79EFBC}") = "ITCompanyApp", "ITCompanyApp\ITCompanyApp.csproj", "{E3A59C62-2F86-4702-BA01-0D9D47848C33}"
EndProject
Global
	GlobalSection(SolutionConfigurationPlatforms) = preSolution
		Debug|Any CPU = Debug|Any CPU
		Release|Any CPU = Release|Any CPU
	EndGlobalSection
	GlobalSection(ProjectConfigurationPlatforms) = postSolution
		{E3A59C62-2F86-4702-BA01-0D9D47848C33}.Debug|Any CPU.ActiveCfg = Debug|Any CPU
		{E3A59C62-2F86-4702-BA01-0D9D47848C33}.Debug|Any CPU.Build.0 = Debug|Any CPU
		{E3A59C62-2F86-4702-BA01-0D9D47848C33}.Release|Any CPU.ActiveCfg = Release|Any CPU
		{E3A59C62-2F86-4702-BA01-0D9D47848C33}.Release|Any CPU.Build.0 = Release|Any CPU
	EndGlobalSection
	GlobalSection(SolutionProperties) = preSolution
		HideSolutionNode = FALSE
	EndGlobalSection
	GlobalSection(ExtensibilityGlobals) = postSolution
		SolutionGuid = {D36D8247-AC84-4FF2-9111-FE8DDA2376F1}
	EndGlobalSection
EndGlobal
